// !$*UTF8*$!
{
	archiveVersion = 1;
	classes = {
	};
	objectVersion = 50;
	objects = {

/* Begin PBXBuildFile section */
		74CD7866C2181896DDFC89DD /* Pods_PM_PRO_JTests.framework in Frameworks */ = {isa = PBXBuildFile; fileRef = 73C442950B49506ABB074857 /* Pods_PM_PRO_JTests.framework */; };
		E465E8BF0A9519A6DB6CDFFF /* Pods_PM_PRO_J.framework in Frameworks */ = {isa = PBXBuildFile; fileRef = 184BC4654835108D81911255 /* Pods_PM_PRO_J.framework */; };
		F8A07856219B9A9F00469C89 /* LS2Client.plist in Resources */ = {isa = PBXBuildFile; fileRef = F8A07855219B9A9F00469C89 /* LS2Client.plist */; };
		F8A07858219BA73A00469C89 /* RSStore.swift in Sources */ = {isa = PBXBuildFile; fileRef = F8A07857219BA73A00469C89 /* RSStore.swift */; };
		F8A0785A219CAB3300469C89 /* IntroStoryBoard.storyboard in Resources */ = {isa = PBXBuildFile; fileRef = F8A07859219CAB3300469C89 /* IntroStoryBoard.storyboard */; };
		F8A0785C219CB05500469C89 /* login.json in Resources */ = {isa = PBXBuildFile; fileRef = F8A0785B219CB05500469C89 /* login.json */; };
		F8A0785F219CD2F200469C89 /* Main.storyboard in Resources */ = {isa = PBXBuildFile; fileRef = F8A0785E219CD2F200469C89 /* Main.storyboard */; };
		F8A07861219CE39A00469C89 /* notifcation_setter.json in Resources */ = {isa = PBXBuildFile; fileRef = F8A07860219CE39A00469C89 /* notifcation_setter.json */; };
		F8A0786321A0771900469C89 /* eligibility.json in Resources */ = {isa = PBXBuildFile; fileRef = F8A0786221A0771900469C89 /* eligibility.json */; };
		F8A0786521A1B27900469C89 /* RS_OnboardingViewController.swift in Sources */ = {isa = PBXBuildFile; fileRef = F8A0786421A1B27900469C89 /* RS_OnboardingViewController.swift */; };
		F8A0786721A208A800469C89 /* OnboardingViewController.swift in Sources */ = {isa = PBXBuildFile; fileRef = F8A0786621A208A800469C89 /* OnboardingViewController.swift */; };
		F8A0786921A866B200469C89 /* Survey.swift in Sources */ = {isa = PBXBuildFile; fileRef = F8A0786821A866B200469C89 /* Survey.swift */; };
		F8A0786B21A8688C00469C89 /* SurveyQueue.swift in Sources */ = {isa = PBXBuildFile; fileRef = F8A0786A21A8688C00469C89 /* SurveyQueue.swift */; };
		F8A0786D21A8957300469C89 /* WellbeingSurvey.swift in Sources */ = {isa = PBXBuildFile; fileRef = F8A0786C21A8957300469C89 /* WellbeingSurvey.swift */; };
		F8A0786F21A895AB00469C89 /* SideEffectSurvey.swift in Sources */ = {isa = PBXBuildFile; fileRef = F8A0786E21A895AB00469C89 /* SideEffectSurvey.swift */; };
		F8A0787121A895D300469C89 /* StandardizedSurvey.swift in Sources */ = {isa = PBXBuildFile; fileRef = F8A0787021A895D300469C89 /* StandardizedSurvey.swift */; };
		F8A0787321B1AB4400469C89 /* LocationManager.swift in Sources */ = {isa = PBXBuildFile; fileRef = F8A0787221B1AB4400469C89 /* LocationManager.swift */; };
		F8C758B1217121CC00E590AD /* AppDelegate.swift in Sources */ = {isa = PBXBuildFile; fileRef = F8C758B0217121CC00E590AD /* AppDelegate.swift */; };
		F8C758B3217121CC00E590AD /* IntroViewController.swift in Sources */ = {isa = PBXBuildFile; fileRef = F8C758B2217121CC00E590AD /* IntroViewController.swift */; };
		F8C758B6217121CC00E590AD /* OnboardingSB.storyboard in Resources */ = {isa = PBXBuildFile; fileRef = F8C758B4217121CC00E590AD /* OnboardingSB.storyboard */; };
		F8C758B8217121CD00E590AD /* Assets.xcassets in Resources */ = {isa = PBXBuildFile; fileRef = F8C758B7217121CD00E590AD /* Assets.xcassets */; };
		F8C758BB217121CD00E590AD /* LaunchScreen.storyboard in Resources */ = {isa = PBXBuildFile; fileRef = F8C758B9217121CD00E590AD /* LaunchScreen.storyboard */; };
		F8C758C6217121CD00E590AD /* PM_PRO_JTests.swift in Sources */ = {isa = PBXBuildFile; fileRef = F8C758C5217121CD00E590AD /* PM_PRO_JTests.swift */; };
		F8C758D1217121CD00E590AD /* PM_PRO_JUITests.swift in Sources */ = {isa = PBXBuildFile; fileRef = F8C758D0217121CD00E590AD /* PM_PRO_JUITests.swift */; };
		F8EEB24721712ED200612D84 /* Store.swift in Sources */ = {isa = PBXBuildFile; fileRef = F8EEB24621712ED200612D84 /* Store.swift */; };
		F8EEB2492171303400612D84 /* ANCLocationManager_NOTUSED.swift in Sources */ = {isa = PBXBuildFile; fileRef = F8EEB2482171303400612D84 /* ANCLocationManager_NOTUSED.swift */; };
		F8EEB24D217188BB00612D84 /* SurveyTask.swift in Sources */ = {isa = PBXBuildFile; fileRef = F8EEB24A217188BB00612D84 /* SurveyTask.swift */; };
		F8EEB24E217188BB00612D84 /* ConsentDocument.swift in Sources */ = {isa = PBXBuildFile; fileRef = F8EEB24B217188BB00612D84 /* ConsentDocument.swift */; };
		F8EEB24F217188BB00612D84 /* ConsentTask.swift in Sources */ = {isa = PBXBuildFile; fileRef = F8EEB24C217188BB00612D84 /* ConsentTask.swift */; };
		F8EEB2512171892800612D84 /* GeofenceLocationsTask.swift in Sources */ = {isa = PBXBuildFile; fileRef = F8EEB2502171892800612D84 /* GeofenceLocationsTask.swift */; };
		F8EEB257217800A500612D84 /* InclusionExclusionViewController.swift in Sources */ = {isa = PBXBuildFile; fileRef = F8EEB256217800A500612D84 /* InclusionExclusionViewController.swift */; };
		F8EEB2592178123300612D84 /* EligibilityCell.swift in Sources */ = {isa = PBXBuildFile; fileRef = F8EEB2582178123300612D84 /* EligibilityCell.swift */; };
		F8EEB25B217A578000612D84 /* ConsentViewController.swift in Sources */ = {isa = PBXBuildFile; fileRef = F8EEB25A217A578000612D84 /* ConsentViewController.swift */; };
		F8EEB25D217BC05200612D84 /* RegistrationViewController.swift in Sources */ = {isa = PBXBuildFile; fileRef = F8EEB25C217BC05100612D84 /* RegistrationViewController.swift */; };
		F8EEB25F217BC4EF00612D84 /* LoginViewController.swift in Sources */ = {isa = PBXBuildFile; fileRef = F8EEB25E217BC4EF00612D84 /* LoginViewController.swift */; };
		F8EEB261217BCC8D00612D84 /* GeofenceSetViewController.swift in Sources */ = {isa = PBXBuildFile; fileRef = F8EEB260217BCC8D00612D84 /* GeofenceSetViewController.swift */; };
		F8EEB263217CEC8C00612D84 /* surveyTimesViewController.swift in Sources */ = {isa = PBXBuildFile; fileRef = F8EEB262217CEC8C00612D84 /* surveyTimesViewController.swift */; };
		F8EEB265217CF01900612D84 /* SetSurveyTimeTask.swift in Sources */ = {isa = PBXBuildFile; fileRef = F8EEB264217CF01900612D84 /* SetSurveyTimeTask.swift */; };
		F8EEB267217E0C9600612D84 /* HomeViewController.swift in Sources */ = {isa = PBXBuildFile; fileRef = F8EEB266217E0C9600612D84 /* HomeViewController.swift */; };
		F8EEB269217E169100612D84 /* SurveyCell.swift in Sources */ = {isa = PBXBuildFile; fileRef = F8EEB268217E169100612D84 /* SurveyCell.swift */; };
		F8EEB26B217E708000612D84 /* SettingsViewController.swift in Sources */ = {isa = PBXBuildFile; fileRef = F8EEB26A217E708000612D84 /* SettingsViewController.swift */; };
		F8EEB26D217E809900612D84 /* EligibilityViewController.swift in Sources */ = {isa = PBXBuildFile; fileRef = F8EEB26C217E809900612D84 /* EligibilityViewController.swift */; };
		F8EEB26F217E838B00612D84 /* EligibilityTask.swift in Sources */ = {isa = PBXBuildFile; fileRef = F8EEB26E217E838B00612D84 /* EligibilityTask.swift */; };
		F8EEB271217FF65100612D84 /* StandardSurveyTask.swift in Sources */ = {isa = PBXBuildFile; fileRef = F8EEB270217FF65100612D84 /* StandardSurveyTask.swift */; };
		F8EEB2732184AFAB00612D84 /* WellBeingSurveyTask.swift in Sources */ = {isa = PBXBuildFile; fileRef = F8EEB2722184AFAA00612D84 /* WellBeingSurveyTask.swift */; };
		F8EEB2752184BCD000612D84 /* SideEffectSurveyTask.swift in Sources */ = {isa = PBXBuildFile; fileRef = F8EEB2742184BCD000612D84 /* SideEffectSurveyTask.swift */; };
		F8EEB2772184D93200612D84 /* ORKStepNavigationRule.swift in Sources */ = {isa = PBXBuildFile; fileRef = F8EEB2762184D93100612D84 /* ORKStepNavigationRule.swift */; };
		FD52590CFEB559EDFBF0BA18 /* Pods_PM_PRO_JUITests.framework in Frameworks */ = {isa = PBXBuildFile; fileRef = E845A54E973A81D37A8DC5CA /* Pods_PM_PRO_JUITests.framework */; };
/* End PBXBuildFile section */

/* Begin PBXContainerItemProxy section */
		F8C758C2217121CD00E590AD /* PBXContainerItemProxy */ = {
			isa = PBXContainerItemProxy;
			containerPortal = F8C758A5217121CC00E590AD /* Project object */;
			proxyType = 1;
			remoteGlobalIDString = F8C758AC217121CC00E590AD;
			remoteInfo = PM_PRO_J;
		};
		F8C758CD217121CD00E590AD /* PBXContainerItemProxy */ = {
			isa = PBXContainerItemProxy;
			containerPortal = F8C758A5217121CC00E590AD /* Project object */;
			proxyType = 1;
			remoteGlobalIDString = F8C758AC217121CC00E590AD;
			remoteInfo = PM_PRO_J;
		};
/* End PBXContainerItemProxy section */

/* Begin PBXFileReference section */
		184BC4654835108D81911255 /* Pods_PM_PRO_J.framework */ = {isa = PBXFileReference; explicitFileType = wrapper.framework; includeInIndex = 0; path = Pods_PM_PRO_J.framework; sourceTree = BUILT_PRODUCTS_DIR; };
		73C442950B49506ABB074857 /* Pods_PM_PRO_JTests.framework */ = {isa = PBXFileReference; explicitFileType = wrapper.framework; includeInIndex = 0; path = Pods_PM_PRO_JTests.framework; sourceTree = BUILT_PRODUCTS_DIR; };
		7931CC80DB919EB227C0321F /* Pods-PM_PRO_JUITests.debug.xcconfig */ = {isa = PBXFileReference; includeInIndex = 1; lastKnownFileType = text.xcconfig; name = "Pods-PM_PRO_JUITests.debug.xcconfig"; path = "Pods/Target Support Files/Pods-PM_PRO_JUITests/Pods-PM_PRO_JUITests.debug.xcconfig"; sourceTree = "<group>"; };
		938DD703FD55F4EA0C661FCA /* Pods-PM_PRO_J.release.xcconfig */ = {isa = PBXFileReference; includeInIndex = 1; lastKnownFileType = text.xcconfig; name = "Pods-PM_PRO_J.release.xcconfig"; path = "Pods/Target Support Files/Pods-PM_PRO_J/Pods-PM_PRO_J.release.xcconfig"; sourceTree = "<group>"; };
		B122685070988A6D41BE5A94 /* Pods-PM_PRO_J.debug.xcconfig */ = {isa = PBXFileReference; includeInIndex = 1; lastKnownFileType = text.xcconfig; name = "Pods-PM_PRO_J.debug.xcconfig"; path = "Pods/Target Support Files/Pods-PM_PRO_J/Pods-PM_PRO_J.debug.xcconfig"; sourceTree = "<group>"; };
		B4ECAD28EA6C95D9A6B3481D /* Pods-PM_PRO_JUITests.release.xcconfig */ = {isa = PBXFileReference; includeInIndex = 1; lastKnownFileType = text.xcconfig; name = "Pods-PM_PRO_JUITests.release.xcconfig"; path = "Pods/Target Support Files/Pods-PM_PRO_JUITests/Pods-PM_PRO_JUITests.release.xcconfig"; sourceTree = "<group>"; };
		BCD53C29153406CC0D006F3F /* Pods-PM_PRO_JTests.debug.xcconfig */ = {isa = PBXFileReference; includeInIndex = 1; lastKnownFileType = text.xcconfig; name = "Pods-PM_PRO_JTests.debug.xcconfig"; path = "Pods/Target Support Files/Pods-PM_PRO_JTests/Pods-PM_PRO_JTests.debug.xcconfig"; sourceTree = "<group>"; };
		C4A9E6EFCD22367D4A3AF173 /* Pods-PM_PRO_JTests.release.xcconfig */ = {isa = PBXFileReference; includeInIndex = 1; lastKnownFileType = text.xcconfig; name = "Pods-PM_PRO_JTests.release.xcconfig"; path = "Pods/Target Support Files/Pods-PM_PRO_JTests/Pods-PM_PRO_JTests.release.xcconfig"; sourceTree = "<group>"; };
		E845A54E973A81D37A8DC5CA /* Pods_PM_PRO_JUITests.framework */ = {isa = PBXFileReference; explicitFileType = wrapper.framework; includeInIndex = 0; path = Pods_PM_PRO_JUITests.framework; sourceTree = BUILT_PRODUCTS_DIR; };
		F8A07855219B9A9F00469C89 /* LS2Client.plist */ = {isa = PBXFileReference; fileEncoding = 4; lastKnownFileType = text.plist.xml; name = LS2Client.plist; path = "../../ResearchSuite-Demo-iOS/YADL Reference App/LS2Client.plist"; sourceTree = "<group>"; };
		F8A07857219BA73A00469C89 /* RSStore.swift */ = {isa = PBXFileReference; lastKnownFileType = sourcecode.swift; path = RSStore.swift; sourceTree = "<group>"; };
		F8A07859219CAB3300469C89 /* IntroStoryBoard.storyboard */ = {isa = PBXFileReference; lastKnownFileType = file.storyboard; path = IntroStoryBoard.storyboard; sourceTree = "<group>"; };
		F8A0785B219CB05500469C89 /* login.json */ = {isa = PBXFileReference; lastKnownFileType = text.json; path = login.json; sourceTree = "<group>"; };
		F8A0785E219CD2F200469C89 /* Main.storyboard */ = {isa = PBXFileReference; lastKnownFileType = file.storyboard; path = Main.storyboard; sourceTree = "<group>"; };
		F8A07860219CE39A00469C89 /* notifcation_setter.json */ = {isa = PBXFileReference; lastKnownFileType = text.json; path = notifcation_setter.json; sourceTree = "<group>"; };
		F8A0786221A0771900469C89 /* eligibility.json */ = {isa = PBXFileReference; lastKnownFileType = text.json; path = eligibility.json; sourceTree = "<group>"; };
		F8A0786421A1B27900469C89 /* RS_OnboardingViewController.swift */ = {isa = PBXFileReference; lastKnownFileType = sourcecode.swift; path = RS_OnboardingViewController.swift; sourceTree = "<group>"; };
		F8A0786621A208A800469C89 /* OnboardingViewController.swift */ = {isa = PBXFileReference; lastKnownFileType = sourcecode.swift; path = OnboardingViewController.swift; sourceTree = "<group>"; };
		F8A0786821A866B200469C89 /* Survey.swift */ = {isa = PBXFileReference; lastKnownFileType = sourcecode.swift; path = Survey.swift; sourceTree = "<group>"; };
		F8A0786A21A8688C00469C89 /* SurveyQueue.swift */ = {isa = PBXFileReference; lastKnownFileType = sourcecode.swift; path = SurveyQueue.swift; sourceTree = "<group>"; };
		F8A0786C21A8957300469C89 /* WellbeingSurvey.swift */ = {isa = PBXFileReference; lastKnownFileType = sourcecode.swift; path = WellbeingSurvey.swift; sourceTree = "<group>"; };
		F8A0786E21A895AB00469C89 /* SideEffectSurvey.swift */ = {isa = PBXFileReference; lastKnownFileType = sourcecode.swift; path = SideEffectSurvey.swift; sourceTree = "<group>"; };
		F8A0787021A895D300469C89 /* StandardizedSurvey.swift */ = {isa = PBXFileReference; lastKnownFileType = sourcecode.swift; path = StandardizedSurvey.swift; sourceTree = "<group>"; };
		F8A0787221B1AB4400469C89 /* LocationManager.swift */ = {isa = PBXFileReference; lastKnownFileType = sourcecode.swift; path = LocationManager.swift; sourceTree = "<group>"; };
		F8C758AD217121CC00E590AD /* PM_PRO_J.app */ = {isa = PBXFileReference; explicitFileType = wrapper.application; includeInIndex = 0; path = PM_PRO_J.app; sourceTree = BUILT_PRODUCTS_DIR; };
		F8C758B0217121CC00E590AD /* AppDelegate.swift */ = {isa = PBXFileReference; lastKnownFileType = sourcecode.swift; path = AppDelegate.swift; sourceTree = "<group>"; };
		F8C758B2217121CC00E590AD /* IntroViewController.swift */ = {isa = PBXFileReference; lastKnownFileType = sourcecode.swift; path = IntroViewController.swift; sourceTree = "<group>"; };
		F8C758B5217121CC00E590AD /* Base */ = {isa = PBXFileReference; lastKnownFileType = file.storyboard; name = Base; path = Base.lproj/OnboardingSB.storyboard; sourceTree = "<group>"; };
		F8C758B7217121CD00E590AD /* Assets.xcassets */ = {isa = PBXFileReference; lastKnownFileType = folder.assetcatalog; path = Assets.xcassets; sourceTree = "<group>"; };
		F8C758BA217121CD00E590AD /* Base */ = {isa = PBXFileReference; lastKnownFileType = file.storyboard; name = Base; path = Base.lproj/LaunchScreen.storyboard; sourceTree = "<group>"; };
		F8C758BC217121CD00E590AD /* Info.plist */ = {isa = PBXFileReference; lastKnownFileType = text.plist.xml; path = Info.plist; sourceTree = "<group>"; };
		F8C758C1217121CD00E590AD /* PM_PRO_JTests.xctest */ = {isa = PBXFileReference; explicitFileType = wrapper.cfbundle; includeInIndex = 0; path = PM_PRO_JTests.xctest; sourceTree = BUILT_PRODUCTS_DIR; };
		F8C758C5217121CD00E590AD /* PM_PRO_JTests.swift */ = {isa = PBXFileReference; lastKnownFileType = sourcecode.swift; path = PM_PRO_JTests.swift; sourceTree = "<group>"; };
		F8C758C7217121CD00E590AD /* Info.plist */ = {isa = PBXFileReference; lastKnownFileType = text.plist.xml; path = Info.plist; sourceTree = "<group>"; };
		F8C758CC217121CD00E590AD /* PM_PRO_JUITests.xctest */ = {isa = PBXFileReference; explicitFileType = wrapper.cfbundle; includeInIndex = 0; path = PM_PRO_JUITests.xctest; sourceTree = BUILT_PRODUCTS_DIR; };
		F8C758D0217121CD00E590AD /* PM_PRO_JUITests.swift */ = {isa = PBXFileReference; lastKnownFileType = sourcecode.swift; path = PM_PRO_JUITests.swift; sourceTree = "<group>"; };
		F8C758D2217121CD00E590AD /* Info.plist */ = {isa = PBXFileReference; lastKnownFileType = text.plist.xml; path = Info.plist; sourceTree = "<group>"; };
		F8EEB24621712ED200612D84 /* Store.swift */ = {isa = PBXFileReference; lastKnownFileType = sourcecode.swift; path = Store.swift; sourceTree = "<group>"; };
		F8EEB2482171303400612D84 /* ANCLocationManager_NOTUSED.swift */ = {isa = PBXFileReference; lastKnownFileType = sourcecode.swift; path = ANCLocationManager_NOTUSED.swift; sourceTree = "<group>"; };
		F8EEB24A217188BB00612D84 /* SurveyTask.swift */ = {isa = PBXFileReference; fileEncoding = 4; lastKnownFileType = sourcecode.swift; path = SurveyTask.swift; sourceTree = "<group>"; };
		F8EEB24B217188BB00612D84 /* ConsentDocument.swift */ = {isa = PBXFileReference; fileEncoding = 4; lastKnownFileType = sourcecode.swift; path = ConsentDocument.swift; sourceTree = "<group>"; };
		F8EEB24C217188BB00612D84 /* ConsentTask.swift */ = {isa = PBXFileReference; fileEncoding = 4; lastKnownFileType = sourcecode.swift; path = ConsentTask.swift; sourceTree = "<group>"; };
		F8EEB2502171892800612D84 /* GeofenceLocationsTask.swift */ = {isa = PBXFileReference; lastKnownFileType = sourcecode.swift; path = GeofenceLocationsTask.swift; sourceTree = "<group>"; };
		F8EEB256217800A500612D84 /* InclusionExclusionViewController.swift */ = {isa = PBXFileReference; lastKnownFileType = sourcecode.swift; path = InclusionExclusionViewController.swift; sourceTree = "<group>"; };
		F8EEB2582178123300612D84 /* EligibilityCell.swift */ = {isa = PBXFileReference; lastKnownFileType = sourcecode.swift; path = EligibilityCell.swift; sourceTree = "<group>"; };
		F8EEB25A217A578000612D84 /* ConsentViewController.swift */ = {isa = PBXFileReference; lastKnownFileType = sourcecode.swift; path = ConsentViewController.swift; sourceTree = "<group>"; };
		F8EEB25C217BC05100612D84 /* RegistrationViewController.swift */ = {isa = PBXFileReference; lastKnownFileType = sourcecode.swift; path = RegistrationViewController.swift; sourceTree = "<group>"; };
		F8EEB25E217BC4EF00612D84 /* LoginViewController.swift */ = {isa = PBXFileReference; lastKnownFileType = sourcecode.swift; path = LoginViewController.swift; sourceTree = "<group>"; };
		F8EEB260217BCC8D00612D84 /* GeofenceSetViewController.swift */ = {isa = PBXFileReference; lastKnownFileType = sourcecode.swift; path = GeofenceSetViewController.swift; sourceTree = "<group>"; };
		F8EEB262217CEC8C00612D84 /* surveyTimesViewController.swift */ = {isa = PBXFileReference; lastKnownFileType = sourcecode.swift; path = surveyTimesViewController.swift; sourceTree = "<group>"; };
		F8EEB264217CF01900612D84 /* SetSurveyTimeTask.swift */ = {isa = PBXFileReference; lastKnownFileType = sourcecode.swift; path = SetSurveyTimeTask.swift; sourceTree = "<group>"; };
		F8EEB266217E0C9600612D84 /* HomeViewController.swift */ = {isa = PBXFileReference; lastKnownFileType = sourcecode.swift; path = HomeViewController.swift; sourceTree = "<group>"; };
		F8EEB268217E169100612D84 /* SurveyCell.swift */ = {isa = PBXFileReference; lastKnownFileType = sourcecode.swift; path = SurveyCell.swift; sourceTree = "<group>"; };
		F8EEB26A217E708000612D84 /* SettingsViewController.swift */ = {isa = PBXFileReference; lastKnownFileType = sourcecode.swift; path = SettingsViewController.swift; sourceTree = "<group>"; };
		F8EEB26C217E809900612D84 /* EligibilityViewController.swift */ = {isa = PBXFileReference; lastKnownFileType = sourcecode.swift; path = EligibilityViewController.swift; sourceTree = "<group>"; };
		F8EEB26E217E838B00612D84 /* EligibilityTask.swift */ = {isa = PBXFileReference; lastKnownFileType = sourcecode.swift; path = EligibilityTask.swift; sourceTree = "<group>"; };
		F8EEB270217FF65100612D84 /* StandardSurveyTask.swift */ = {isa = PBXFileReference; lastKnownFileType = sourcecode.swift; path = StandardSurveyTask.swift; sourceTree = "<group>"; };
		F8EEB2722184AFAA00612D84 /* WellBeingSurveyTask.swift */ = {isa = PBXFileReference; lastKnownFileType = sourcecode.swift; path = WellBeingSurveyTask.swift; sourceTree = "<group>"; };
		F8EEB2742184BCD000612D84 /* SideEffectSurveyTask.swift */ = {isa = PBXFileReference; lastKnownFileType = sourcecode.swift; path = SideEffectSurveyTask.swift; sourceTree = "<group>"; };
		F8EEB2762184D93100612D84 /* ORKStepNavigationRule.swift */ = {isa = PBXFileReference; lastKnownFileType = sourcecode.swift; path = ORKStepNavigationRule.swift; sourceTree = "<group>"; };
/* End PBXFileReference section */

/* Begin PBXFrameworksBuildPhase section */
		F8C758AA217121CC00E590AD /* Frameworks */ = {
			isa = PBXFrameworksBuildPhase;
			buildActionMask = 2147483647;
			files = (
				E465E8BF0A9519A6DB6CDFFF /* Pods_PM_PRO_J.framework in Frameworks */,
			);
			runOnlyForDeploymentPostprocessing = 0;
		};
		F8C758BE217121CD00E590AD /* Frameworks */ = {
			isa = PBXFrameworksBuildPhase;
			buildActionMask = 2147483647;
			files = (
				74CD7866C2181896DDFC89DD /* Pods_PM_PRO_JTests.framework in Frameworks */,
			);
			runOnlyForDeploymentPostprocessing = 0;
		};
		F8C758C9217121CD00E590AD /* Frameworks */ = {
			isa = PBXFrameworksBuildPhase;
			buildActionMask = 2147483647;
			files = (
				FD52590CFEB559EDFBF0BA18 /* Pods_PM_PRO_JUITests.framework in Frameworks */,
			);
			runOnlyForDeploymentPostprocessing = 0;
		};
/* End PBXFrameworksBuildPhase section */

/* Begin PBXGroup section */
		AD44B14C64AD228A7798105F /* Pods */ = {
			isa = PBXGroup;
			children = (
				B122685070988A6D41BE5A94 /* Pods-PM_PRO_J.debug.xcconfig */,
				938DD703FD55F4EA0C661FCA /* Pods-PM_PRO_J.release.xcconfig */,
				BCD53C29153406CC0D006F3F /* Pods-PM_PRO_JTests.debug.xcconfig */,
				C4A9E6EFCD22367D4A3AF173 /* Pods-PM_PRO_JTests.release.xcconfig */,
				7931CC80DB919EB227C0321F /* Pods-PM_PRO_JUITests.debug.xcconfig */,
				B4ECAD28EA6C95D9A6B3481D /* Pods-PM_PRO_JUITests.release.xcconfig */,
			);
			name = Pods;
			sourceTree = "<group>";
		};
		E299CC53182F0C18696B7056 /* Frameworks */ = {
			isa = PBXGroup;
			children = (
				184BC4654835108D81911255 /* Pods_PM_PRO_J.framework */,
				73C442950B49506ABB074857 /* Pods_PM_PRO_JTests.framework */,
				E845A54E973A81D37A8DC5CA /* Pods_PM_PRO_JUITests.framework */,
			);
			name = Frameworks;
			sourceTree = "<group>";
		};
		F8C758A4217121CC00E590AD = {
			isa = PBXGroup;
			children = (
				F8C758AF217121CC00E590AD /* PM_PRO_J */,
				F8C758C4217121CD00E590AD /* PM_PRO_JTests */,
				F8C758CF217121CD00E590AD /* PM_PRO_JUITests */,
				F8C758AE217121CC00E590AD /* Products */,
				AD44B14C64AD228A7798105F /* Pods */,
				E299CC53182F0C18696B7056 /* Frameworks */,
			);
			sourceTree = "<group>";
		};
		F8C758AE217121CC00E590AD /* Products */ = {
			isa = PBXGroup;
			children = (
				F8C758AD217121CC00E590AD /* PM_PRO_J.app */,
				F8C758C1217121CD00E590AD /* PM_PRO_JTests.xctest */,
				F8C758CC217121CD00E590AD /* PM_PRO_JUITests.xctest */,
			);
			name = Products;
			sourceTree = "<group>";
		};
		F8C758AF217121CC00E590AD /* PM_PRO_J */ = {
			isa = PBXGroup;
			children = (
				F8A07855219B9A9F00469C89 /* LS2Client.plist */,
				F8EEB24B217188BB00612D84 /* ConsentDocument.swift */,
				F8EEB24C217188BB00612D84 /* ConsentTask.swift */,
				F8EEB24A217188BB00612D84 /* SurveyTask.swift */,
				F8EEB2482171303400612D84 /* ANCLocationManager_NOTUSED.swift */,
				F8EEB24621712ED200612D84 /* Store.swift */,
				F8C758B0217121CC00E590AD /* AppDelegate.swift */,
				F8C758B2217121CC00E590AD /* IntroViewController.swift */,
				F8C758B4217121CC00E590AD /* OnboardingSB.storyboard */,
				F8C758B7217121CD00E590AD /* Assets.xcassets */,
				F8C758B9217121CD00E590AD /* LaunchScreen.storyboard */,
				F8C758BC217121CD00E590AD /* Info.plist */,
				F8EEB2502171892800612D84 /* GeofenceLocationsTask.swift */,
				F8EEB256217800A500612D84 /* InclusionExclusionViewController.swift */,
				F8EEB2582178123300612D84 /* EligibilityCell.swift */,
				F8EEB25A217A578000612D84 /* ConsentViewController.swift */,
				F8EEB25C217BC05100612D84 /* RegistrationViewController.swift */,
				F8EEB25E217BC4EF00612D84 /* LoginViewController.swift */,
				F8EEB260217BCC8D00612D84 /* GeofenceSetViewController.swift */,
				F8EEB262217CEC8C00612D84 /* surveyTimesViewController.swift */,
				F8EEB264217CF01900612D84 /* SetSurveyTimeTask.swift */,
				F8EEB266217E0C9600612D84 /* HomeViewController.swift */,
				F8EEB268217E169100612D84 /* SurveyCell.swift */,
				F8EEB26A217E708000612D84 /* SettingsViewController.swift */,
				F8EEB26C217E809900612D84 /* EligibilityViewController.swift */,
				F8EEB26E217E838B00612D84 /* EligibilityTask.swift */,
				F8EEB270217FF65100612D84 /* StandardSurveyTask.swift */,
				F8EEB2722184AFAA00612D84 /* WellBeingSurveyTask.swift */,
				F8EEB2742184BCD000612D84 /* SideEffectSurveyTask.swift */,
				F8EEB2762184D93100612D84 /* ORKStepNavigationRule.swift */,
				F8A07857219BA73A00469C89 /* RSStore.swift */,
				F8A07859219CAB3300469C89 /* IntroStoryBoard.storyboard */,
				F8A0785B219CB05500469C89 /* login.json */,
				F8A0785E219CD2F200469C89 /* Main.storyboard */,
				F8A07860219CE39A00469C89 /* notifcation_setter.json */,
				F8A0786221A0771900469C89 /* eligibility.json */,
				F8A0786421A1B27900469C89 /* RS_OnboardingViewController.swift */,
				F8A0786621A208A800469C89 /* OnboardingViewController.swift */,
				F8A0786821A866B200469C89 /* Survey.swift */,
				F8A0786A21A8688C00469C89 /* SurveyQueue.swift */,
				F8A0786C21A8957300469C89 /* WellbeingSurvey.swift */,
				F8A0786E21A895AB00469C89 /* SideEffectSurvey.swift */,
				F8A0787021A895D300469C89 /* StandardizedSurvey.swift */,
				F8A0787221B1AB4400469C89 /* LocationManager.swift */,
			);
			path = PM_PRO_J;
			sourceTree = "<group>";
		};
		F8C758C4217121CD00E590AD /* PM_PRO_JTests */ = {
			isa = PBXGroup;
			children = (
				F8C758C5217121CD00E590AD /* PM_PRO_JTests.swift */,
				F8C758C7217121CD00E590AD /* Info.plist */,
			);
			path = PM_PRO_JTests;
			sourceTree = "<group>";
		};
		F8C758CF217121CD00E590AD /* PM_PRO_JUITests */ = {
			isa = PBXGroup;
			children = (
				F8C758D0217121CD00E590AD /* PM_PRO_JUITests.swift */,
				F8C758D2217121CD00E590AD /* Info.plist */,
			);
			path = PM_PRO_JUITests;
			sourceTree = "<group>";
		};
/* End PBXGroup section */

/* Begin PBXNativeTarget section */
		F8C758AC217121CC00E590AD /* PM_PRO_J */ = {
			isa = PBXNativeTarget;
			buildConfigurationList = F8C758D5217121CD00E590AD /* Build configuration list for PBXNativeTarget "PM_PRO_J" */;
			buildPhases = (
				67EDF229E672051DD54ECAC1 /* [CP] Check Pods Manifest.lock */,
				F8C758A9217121CC00E590AD /* Sources */,
				F8C758AA217121CC00E590AD /* Frameworks */,
				F8C758AB217121CC00E590AD /* Resources */,
				500BBB7204001884295CACA0 /* [CP] Embed Pods Frameworks */,
			);
			buildRules = (
			);
			dependencies = (
			);
			name = PM_PRO_J;
			productName = PM_PRO_J;
			productReference = F8C758AD217121CC00E590AD /* PM_PRO_J.app */;
			productType = "com.apple.product-type.application";
		};
		F8C758C0217121CD00E590AD /* PM_PRO_JTests */ = {
			isa = PBXNativeTarget;
			buildConfigurationList = F8C758D8217121CD00E590AD /* Build configuration list for PBXNativeTarget "PM_PRO_JTests" */;
			buildPhases = (
				D76C4B8220892CBAEE89B8BC /* [CP] Check Pods Manifest.lock */,
				F8C758BD217121CD00E590AD /* Sources */,
				F8C758BE217121CD00E590AD /* Frameworks */,
				F8C758BF217121CD00E590AD /* Resources */,
			);
			buildRules = (
			);
			dependencies = (
				F8C758C3217121CD00E590AD /* PBXTargetDependency */,
			);
			name = PM_PRO_JTests;
			productName = PM_PRO_JTests;
			productReference = F8C758C1217121CD00E590AD /* PM_PRO_JTests.xctest */;
			productType = "com.apple.product-type.bundle.unit-test";
		};
		F8C758CB217121CD00E590AD /* PM_PRO_JUITests */ = {
			isa = PBXNativeTarget;
			buildConfigurationList = F8C758DB217121CD00E590AD /* Build configuration list for PBXNativeTarget "PM_PRO_JUITests" */;
			buildPhases = (
				74F5BC8A02FA533B17A2C9C6 /* [CP] Check Pods Manifest.lock */,
				F8C758C8217121CD00E590AD /* Sources */,
				F8C758C9217121CD00E590AD /* Frameworks */,
				F8C758CA217121CD00E590AD /* Resources */,
			);
			buildRules = (
			);
			dependencies = (
				F8C758CE217121CD00E590AD /* PBXTargetDependency */,
			);
			name = PM_PRO_JUITests;
			productName = PM_PRO_JUITests;
			productReference = F8C758CC217121CD00E590AD /* PM_PRO_JUITests.xctest */;
			productType = "com.apple.product-type.bundle.ui-testing";
		};
/* End PBXNativeTarget section */

/* Begin PBXProject section */
		F8C758A5217121CC00E590AD /* Project object */ = {
			isa = PBXProject;
			attributes = {
				LastSwiftUpdateCheck = 1000;
				LastUpgradeCheck = 1000;
				ORGANIZATIONNAME = "Travis Allen";
				TargetAttributes = {
					F8C758AC217121CC00E590AD = {
						CreatedOnToolsVersion = 10.0;
					};
					F8C758C0217121CD00E590AD = {
						CreatedOnToolsVersion = 10.0;
						TestTargetID = F8C758AC217121CC00E590AD;
					};
					F8C758CB217121CD00E590AD = {
						CreatedOnToolsVersion = 10.0;
						TestTargetID = F8C758AC217121CC00E590AD;
					};
				};
			};
			buildConfigurationList = F8C758A8217121CC00E590AD /* Build configuration list for PBXProject "PM_PRO_J" */;
			compatibilityVersion = "Xcode 9.3";
			developmentRegion = en;
			hasScannedForEncodings = 0;
			knownRegions = (
				en,
				Base,
			);
			mainGroup = F8C758A4217121CC00E590AD;
			productRefGroup = F8C758AE217121CC00E590AD /* Products */;
			projectDirPath = "";
			projectRoot = "";
			targets = (
				F8C758AC217121CC00E590AD /* PM_PRO_J */,
				F8C758C0217121CD00E590AD /* PM_PRO_JTests */,
				F8C758CB217121CD00E590AD /* PM_PRO_JUITests */,
			);
		};
/* End PBXProject section */

/* Begin PBXResourcesBuildPhase section */
		F8C758AB217121CC00E590AD /* Resources */ = {
			isa = PBXResourcesBuildPhase;
			buildActionMask = 2147483647;
			files = (
				F8A0786321A0771900469C89 /* eligibility.json in Resources */,
				F8A0785A219CAB3300469C89 /* IntroStoryBoard.storyboard in Resources */,
				F8C758BB217121CD00E590AD /* LaunchScreen.storyboard in Resources */,
				F8A0785F219CD2F200469C89 /* Main.storyboard in Resources */,
				F8A07861219CE39A00469C89 /* notifcation_setter.json in Resources */,
				F8A07856219B9A9F00469C89 /* LS2Client.plist in Resources */,
				F8C758B8217121CD00E590AD /* Assets.xcassets in Resources */,
				F8C758B6217121CC00E590AD /* OnboardingSB.storyboard in Resources */,
				F8A0785C219CB05500469C89 /* login.json in Resources */,
			);
			runOnlyForDeploymentPostprocessing = 0;
		};
		F8C758BF217121CD00E590AD /* Resources */ = {
			isa = PBXResourcesBuildPhase;
			buildActionMask = 2147483647;
			files = (
			);
			runOnlyForDeploymentPostprocessing = 0;
		};
		F8C758CA217121CD00E590AD /* Resources */ = {
			isa = PBXResourcesBuildPhase;
			buildActionMask = 2147483647;
			files = (
			);
			runOnlyForDeploymentPostprocessing = 0;
		};
/* End PBXResourcesBuildPhase section */

/* Begin PBXShellScriptBuildPhase section */
		500BBB7204001884295CACA0 /* [CP] Embed Pods Frameworks */ = {
			isa = PBXShellScriptBuildPhase;
			buildActionMask = 2147483647;
			files = (
			);
			inputFileListPaths = (
			);
			inputPaths = (
				"${SRCROOT}/Pods/Target Support Files/Pods-PM_PRO_J/Pods-PM_PRO_J-frameworks.sh",
				"${BUILT_PRODUCTS_DIR}/Alamofire/Alamofire.framework",
				"${BUILT_PRODUCTS_DIR}/GRMustache.swift/Mustache.framework",
				"${BUILT_PRODUCTS_DIR}/Gloss/Gloss.framework",
				"${BUILT_PRODUCTS_DIR}/LS2SDK/LS2SDK.framework",
				"${BUILT_PRODUCTS_DIR}/ReSwift/ReSwift.framework",
				"${BUILT_PRODUCTS_DIR}/ResearchKit/ResearchKit.framework",
				"${BUILT_PRODUCTS_DIR}/ResearchSuiteAppFramework/ResearchSuiteAppFramework.framework",
				"${BUILT_PRODUCTS_DIR}/ResearchSuiteExtensions/ResearchSuiteExtensions.framework",
				"${BUILT_PRODUCTS_DIR}/ResearchSuiteResultsProcessor/ResearchSuiteResultsProcessor.framework",
				"${BUILT_PRODUCTS_DIR}/ResearchSuiteTaskBuilder/ResearchSuiteTaskBuilder.framework",
				"${BUILT_PRODUCTS_DIR}/SecureQueue/SecureQueue.framework",
				"${BUILT_PRODUCTS_DIR}/SnapKit/SnapKit.framework",
				"${BUILT_PRODUCTS_DIR}/SwiftyGif/SwiftyGif.framework",
				"${BUILT_PRODUCTS_DIR}/SwiftyMarkdown/SwiftyMarkdown.framework",
				"${BUILT_PRODUCTS_DIR}/sdlrkx/sdlrkx.framework",
			);
			name = "[CP] Embed Pods Frameworks";
			outputFileListPaths = (
			);
			outputPaths = (
				"${TARGET_BUILD_DIR}/${FRAMEWORKS_FOLDER_PATH}/Alamofire.framework",
				"${TARGET_BUILD_DIR}/${FRAMEWORKS_FOLDER_PATH}/Mustache.framework",
				"${TARGET_BUILD_DIR}/${FRAMEWORKS_FOLDER_PATH}/Gloss.framework",
				"${TARGET_BUILD_DIR}/${FRAMEWORKS_FOLDER_PATH}/LS2SDK.framework",
				"${TARGET_BUILD_DIR}/${FRAMEWORKS_FOLDER_PATH}/ReSwift.framework",
				"${TARGET_BUILD_DIR}/${FRAMEWORKS_FOLDER_PATH}/ResearchKit.framework",
				"${TARGET_BUILD_DIR}/${FRAMEWORKS_FOLDER_PATH}/ResearchSuiteAppFramework.framework",
				"${TARGET_BUILD_DIR}/${FRAMEWORKS_FOLDER_PATH}/ResearchSuiteExtensions.framework",
				"${TARGET_BUILD_DIR}/${FRAMEWORKS_FOLDER_PATH}/ResearchSuiteResultsProcessor.framework",
				"${TARGET_BUILD_DIR}/${FRAMEWORKS_FOLDER_PATH}/ResearchSuiteTaskBuilder.framework",
				"${TARGET_BUILD_DIR}/${FRAMEWORKS_FOLDER_PATH}/SecureQueue.framework",
				"${TARGET_BUILD_DIR}/${FRAMEWORKS_FOLDER_PATH}/SnapKit.framework",
				"${TARGET_BUILD_DIR}/${FRAMEWORKS_FOLDER_PATH}/SwiftyGif.framework",
				"${TARGET_BUILD_DIR}/${FRAMEWORKS_FOLDER_PATH}/SwiftyMarkdown.framework",
				"${TARGET_BUILD_DIR}/${FRAMEWORKS_FOLDER_PATH}/sdlrkx.framework",
			);
			runOnlyForDeploymentPostprocessing = 0;
			shellPath = /bin/sh;
			shellScript = "\"${SRCROOT}/Pods/Target Support Files/Pods-PM_PRO_J/Pods-PM_PRO_J-frameworks.sh\"\n";
			showEnvVarsInLog = 0;
		};
		67EDF229E672051DD54ECAC1 /* [CP] Check Pods Manifest.lock */ = {
			isa = PBXShellScriptBuildPhase;
			buildActionMask = 2147483647;
			files = (
			);
			inputFileListPaths = (
			);
			inputPaths = (
				"${PODS_PODFILE_DIR_PATH}/Podfile.lock",
				"${PODS_ROOT}/Manifest.lock",
			);
			name = "[CP] Check Pods Manifest.lock";
			outputFileListPaths = (
			);
			outputPaths = (
				"$(DERIVED_FILE_DIR)/Pods-PM_PRO_J-checkManifestLockResult.txt",
			);
			runOnlyForDeploymentPostprocessing = 0;
			shellPath = /bin/sh;
			shellScript = "diff \"${PODS_PODFILE_DIR_PATH}/Podfile.lock\" \"${PODS_ROOT}/Manifest.lock\" > /dev/null\nif [ $? != 0 ] ; then\n    # print error to STDERR\n    echo \"error: The sandbox is not in sync with the Podfile.lock. Run 'pod install' or update your CocoaPods installation.\" >&2\n    exit 1\nfi\n# This output is used by Xcode 'outputs' to avoid re-running this script phase.\necho \"SUCCESS\" > \"${SCRIPT_OUTPUT_FILE_0}\"\n";
			showEnvVarsInLog = 0;
		};
		74F5BC8A02FA533B17A2C9C6 /* [CP] Check Pods Manifest.lock */ = {
			isa = PBXShellScriptBuildPhase;
			buildActionMask = 2147483647;
			files = (
			);
			inputFileListPaths = (
			);
			inputPaths = (
				"${PODS_PODFILE_DIR_PATH}/Podfile.lock",
				"${PODS_ROOT}/Manifest.lock",
			);
			name = "[CP] Check Pods Manifest.lock";
			outputFileListPaths = (
			);
			outputPaths = (
				"$(DERIVED_FILE_DIR)/Pods-PM_PRO_JUITests-checkManifestLockResult.txt",
			);
			runOnlyForDeploymentPostprocessing = 0;
			shellPath = /bin/sh;
			shellScript = "diff \"${PODS_PODFILE_DIR_PATH}/Podfile.lock\" \"${PODS_ROOT}/Manifest.lock\" > /dev/null\nif [ $? != 0 ] ; then\n    # print error to STDERR\n    echo \"error: The sandbox is not in sync with the Podfile.lock. Run 'pod install' or update your CocoaPods installation.\" >&2\n    exit 1\nfi\n# This output is used by Xcode 'outputs' to avoid re-running this script phase.\necho \"SUCCESS\" > \"${SCRIPT_OUTPUT_FILE_0}\"\n";
			showEnvVarsInLog = 0;
		};
		D76C4B8220892CBAEE89B8BC /* [CP] Check Pods Manifest.lock */ = {
			isa = PBXShellScriptBuildPhase;
			buildActionMask = 2147483647;
			files = (
			);
			inputFileListPaths = (
			);
			inputPaths = (
				"${PODS_PODFILE_DIR_PATH}/Podfile.lock",
				"${PODS_ROOT}/Manifest.lock",
			);
			name = "[CP] Check Pods Manifest.lock";
			outputFileListPaths = (
			);
			outputPaths = (
				"$(DERIVED_FILE_DIR)/Pods-PM_PRO_JTests-checkManifestLockResult.txt",
			);
			runOnlyForDeploymentPostprocessing = 0;
			shellPath = /bin/sh;
			shellScript = "diff \"${PODS_PODFILE_DIR_PATH}/Podfile.lock\" \"${PODS_ROOT}/Manifest.lock\" > /dev/null\nif [ $? != 0 ] ; then\n    # print error to STDERR\n    echo \"error: The sandbox is not in sync with the Podfile.lock. Run 'pod install' or update your CocoaPods installation.\" >&2\n    exit 1\nfi\n# This output is used by Xcode 'outputs' to avoid re-running this script phase.\necho \"SUCCESS\" > \"${SCRIPT_OUTPUT_FILE_0}\"\n";
			showEnvVarsInLog = 0;
		};
/* End PBXShellScriptBuildPhase section */

/* Begin PBXSourcesBuildPhase section */
		F8C758A9217121CC00E590AD /* Sources */ = {
			isa = PBXSourcesBuildPhase;
			buildActionMask = 2147483647;
			files = (
				F8EEB257217800A500612D84 /* InclusionExclusionViewController.swift in Sources */,
				F8EEB2592178123300612D84 /* EligibilityCell.swift in Sources */,
				F8EEB2492171303400612D84 /* ANCLocationManager_NOTUSED.swift in Sources */,
				F8EEB267217E0C9600612D84 /* HomeViewController.swift in Sources */,
				F8EEB25F217BC4EF00612D84 /* LoginViewController.swift in Sources */,
				F8EEB26B217E708000612D84 /* SettingsViewController.swift in Sources */,
				F8EEB2732184AFAB00612D84 /* WellBeingSurveyTask.swift in Sources */,
				F8EEB2512171892800612D84 /* GeofenceLocationsTask.swift in Sources */,
				F8EEB24E217188BB00612D84 /* ConsentDocument.swift in Sources */,
				F8EEB26D217E809900612D84 /* EligibilityViewController.swift in Sources */,
				F8EEB2772184D93200612D84 /* ORKStepNavigationRule.swift in Sources */,
				F8A07858219BA73A00469C89 /* RSStore.swift in Sources */,
				F8A0786721A208A800469C89 /* OnboardingViewController.swift in Sources */,
				F8EEB25B217A578000612D84 /* ConsentViewController.swift in Sources */,
				F8A0786921A866B200469C89 /* Survey.swift in Sources */,
				F8EEB25D217BC05200612D84 /* RegistrationViewController.swift in Sources */,
				F8EEB271217FF65100612D84 /* StandardSurveyTask.swift in Sources */,
				F8A0786F21A895AB00469C89 /* SideEffectSurvey.swift in Sources */,
				F8A0787321B1AB4400469C89 /* LocationManager.swift in Sources */,
				F8EEB269217E169100612D84 /* SurveyCell.swift in Sources */,
				F8EEB24721712ED200612D84 /* Store.swift in Sources */,
				F8A0786B21A8688C00469C89 /* SurveyQueue.swift in Sources */,
				F8EEB261217BCC8D00612D84 /* GeofenceSetViewController.swift in Sources */,
				F8EEB2752184BCD000612D84 /* SideEffectSurveyTask.swift in Sources */,
				F8EEB24F217188BB00612D84 /* ConsentTask.swift in Sources */,
				F8EEB24D217188BB00612D84 /* SurveyTask.swift in Sources */,
				F8EEB263217CEC8C00612D84 /* surveyTimesViewController.swift in Sources */,
				F8C758B3217121CC00E590AD /* IntroViewController.swift in Sources */,
				F8EEB265217CF01900612D84 /* SetSurveyTimeTask.swift in Sources */,
				F8A0787121A895D300469C89 /* StandardizedSurvey.swift in Sources */,
				F8EEB26F217E838B00612D84 /* EligibilityTask.swift in Sources */,
				F8A0786D21A8957300469C89 /* WellbeingSurvey.swift in Sources */,
				F8A0786521A1B27900469C89 /* RS_OnboardingViewController.swift in Sources */,
				F8C758B1217121CC00E590AD /* AppDelegate.swift in Sources */,
			);
			runOnlyForDeploymentPostprocessing = 0;
		};
		F8C758BD217121CD00E590AD /* Sources */ = {
			isa = PBXSourcesBuildPhase;
			buildActionMask = 2147483647;
			files = (
				F8C758C6217121CD00E590AD /* PM_PRO_JTests.swift in Sources */,
			);
			runOnlyForDeploymentPostprocessing = 0;
		};
		F8C758C8217121CD00E590AD /* Sources */ = {
			isa = PBXSourcesBuildPhase;
			buildActionMask = 2147483647;
			files = (
				F8C758D1217121CD00E590AD /* PM_PRO_JUITests.swift in Sources */,
			);
			runOnlyForDeploymentPostprocessing = 0;
		};
/* End PBXSourcesBuildPhase section */

/* Begin PBXTargetDependency section */
		F8C758C3217121CD00E590AD /* PBXTargetDependency */ = {
			isa = PBXTargetDependency;
			target = F8C758AC217121CC00E590AD /* PM_PRO_J */;
			targetProxy = F8C758C2217121CD00E590AD /* PBXContainerItemProxy */;
		};
		F8C758CE217121CD00E590AD /* PBXTargetDependency */ = {
			isa = PBXTargetDependency;
			target = F8C758AC217121CC00E590AD /* PM_PRO_J */;
			targetProxy = F8C758CD217121CD00E590AD /* PBXContainerItemProxy */;
		};
/* End PBXTargetDependency section */

/* Begin PBXVariantGroup section */
		F8C758B4217121CC00E590AD /* OnboardingSB.storyboard */ = {
			isa = PBXVariantGroup;
			children = (
				F8C758B5217121CC00E590AD /* Base */,
			);
			name = OnboardingSB.storyboard;
			sourceTree = "<group>";
		};
		F8C758B9217121CD00E590AD /* LaunchScreen.storyboard */ = {
			isa = PBXVariantGroup;
			children = (
				F8C758BA217121CD00E590AD /* Base */,
			);
			name = LaunchScreen.storyboard;
			sourceTree = "<group>";
		};
/* End PBXVariantGroup section */

/* Begin XCBuildConfiguration section */
		F8C758D3217121CD00E590AD /* Debug */ = {
			isa = XCBuildConfiguration;
			buildSettings = {
				ALWAYS_SEARCH_USER_PATHS = NO;
				CLANG_ANALYZER_NONNULL = YES;
				CLANG_ANALYZER_NUMBER_OBJECT_CONVERSION = YES_AGGRESSIVE;
				CLANG_CXX_LANGUAGE_STANDARD = "gnu++14";
				CLANG_CXX_LIBRARY = "libc++";
				CLANG_ENABLE_MODULES = YES;
				CLANG_ENABLE_OBJC_ARC = YES;
				CLANG_ENABLE_OBJC_WEAK = YES;
				CLANG_WARN_BLOCK_CAPTURE_AUTORELEASING = YES;
				CLANG_WARN_BOOL_CONVERSION = YES;
				CLANG_WARN_COMMA = YES;
				CLANG_WARN_CONSTANT_CONVERSION = YES;
				CLANG_WARN_DEPRECATED_OBJC_IMPLEMENTATIONS = YES;
				CLANG_WARN_DIRECT_OBJC_ISA_USAGE = YES_ERROR;
				CLANG_WARN_DOCUMENTATION_COMMENTS = YES;
				CLANG_WARN_EMPTY_BODY = YES;
				CLANG_WARN_ENUM_CONVERSION = YES;
				CLANG_WARN_INFINITE_RECURSION = YES;
				CLANG_WARN_INT_CONVERSION = YES;
				CLANG_WARN_NON_LITERAL_NULL_CONVERSION = YES;
				CLANG_WARN_OBJC_IMPLICIT_RETAIN_SELF = YES;
				CLANG_WARN_OBJC_LITERAL_CONVERSION = YES;
				CLANG_WARN_OBJC_ROOT_CLASS = YES_ERROR;
				CLANG_WARN_RANGE_LOOP_ANALYSIS = YES;
				CLANG_WARN_STRICT_PROTOTYPES = YES;
				CLANG_WARN_SUSPICIOUS_MOVE = YES;
				CLANG_WARN_UNGUARDED_AVAILABILITY = YES_AGGRESSIVE;
				CLANG_WARN_UNREACHABLE_CODE = YES;
				CLANG_WARN__DUPLICATE_METHOD_MATCH = YES;
				CODE_SIGN_IDENTITY = "iPhone Developer";
				COPY_PHASE_STRIP = NO;
				DEBUG_INFORMATION_FORMAT = dwarf;
				ENABLE_STRICT_OBJC_MSGSEND = YES;
				ENABLE_TESTABILITY = YES;
				GCC_C_LANGUAGE_STANDARD = gnu11;
				GCC_DYNAMIC_NO_PIC = NO;
				GCC_NO_COMMON_BLOCKS = YES;
				GCC_OPTIMIZATION_LEVEL = 0;
				GCC_PREPROCESSOR_DEFINITIONS = (
					"DEBUG=1",
					"$(inherited)",
				);
				GCC_WARN_64_TO_32_BIT_CONVERSION = YES;
				GCC_WARN_ABOUT_RETURN_TYPE = YES_ERROR;
				GCC_WARN_UNDECLARED_SELECTOR = YES;
				GCC_WARN_UNINITIALIZED_AUTOS = YES_AGGRESSIVE;
				GCC_WARN_UNUSED_FUNCTION = YES;
				GCC_WARN_UNUSED_VARIABLE = YES;
				IPHONEOS_DEPLOYMENT_TARGET = 12.0;
				MTL_ENABLE_DEBUG_INFO = INCLUDE_SOURCE;
				MTL_FAST_MATH = YES;
				ONLY_ACTIVE_ARCH = YES;
				SDKROOT = iphoneos;
				SWIFT_ACTIVE_COMPILATION_CONDITIONS = DEBUG;
				SWIFT_OPTIMIZATION_LEVEL = "-Onone";
			};
			name = Debug;
		};
		F8C758D4217121CD00E590AD /* Release */ = {
			isa = XCBuildConfiguration;
			buildSettings = {
				ALWAYS_SEARCH_USER_PATHS = NO;
				CLANG_ANALYZER_NONNULL = YES;
				CLANG_ANALYZER_NUMBER_OBJECT_CONVERSION = YES_AGGRESSIVE;
				CLANG_CXX_LANGUAGE_STANDARD = "gnu++14";
				CLANG_CXX_LIBRARY = "libc++";
				CLANG_ENABLE_MODULES = YES;
				CLANG_ENABLE_OBJC_ARC = YES;
				CLANG_ENABLE_OBJC_WEAK = YES;
				CLANG_WARN_BLOCK_CAPTURE_AUTORELEASING = YES;
				CLANG_WARN_BOOL_CONVERSION = YES;
				CLANG_WARN_COMMA = YES;
				CLANG_WARN_CONSTANT_CONVERSION = YES;
				CLANG_WARN_DEPRECATED_OBJC_IMPLEMENTATIONS = YES;
				CLANG_WARN_DIRECT_OBJC_ISA_USAGE = YES_ERROR;
				CLANG_WARN_DOCUMENTATION_COMMENTS = YES;
				CLANG_WARN_EMPTY_BODY = YES;
				CLANG_WARN_ENUM_CONVERSION = YES;
				CLANG_WARN_INFINITE_RECURSION = YES;
				CLANG_WARN_INT_CONVERSION = YES;
				CLANG_WARN_NON_LITERAL_NULL_CONVERSION = YES;
				CLANG_WARN_OBJC_IMPLICIT_RETAIN_SELF = YES;
				CLANG_WARN_OBJC_LITERAL_CONVERSION = YES;
				CLANG_WARN_OBJC_ROOT_CLASS = YES_ERROR;
				CLANG_WARN_RANGE_LOOP_ANALYSIS = YES;
				CLANG_WARN_STRICT_PROTOTYPES = YES;
				CLANG_WARN_SUSPICIOUS_MOVE = YES;
				CLANG_WARN_UNGUARDED_AVAILABILITY = YES_AGGRESSIVE;
				CLANG_WARN_UNREACHABLE_CODE = YES;
				CLANG_WARN__DUPLICATE_METHOD_MATCH = YES;
				CODE_SIGN_IDENTITY = "iPhone Developer";
				COPY_PHASE_STRIP = NO;
				DEBUG_INFORMATION_FORMAT = "dwarf-with-dsym";
				ENABLE_NS_ASSERTIONS = NO;
				ENABLE_STRICT_OBJC_MSGSEND = YES;
				GCC_C_LANGUAGE_STANDARD = gnu11;
				GCC_NO_COMMON_BLOCKS = YES;
				GCC_WARN_64_TO_32_BIT_CONVERSION = YES;
				GCC_WARN_ABOUT_RETURN_TYPE = YES_ERROR;
				GCC_WARN_UNDECLARED_SELECTOR = YES;
				GCC_WARN_UNINITIALIZED_AUTOS = YES_AGGRESSIVE;
				GCC_WARN_UNUSED_FUNCTION = YES;
				GCC_WARN_UNUSED_VARIABLE = YES;
				IPHONEOS_DEPLOYMENT_TARGET = 12.0;
				MTL_ENABLE_DEBUG_INFO = NO;
				MTL_FAST_MATH = YES;
				SDKROOT = iphoneos;
				SWIFT_COMPILATION_MODE = wholemodule;
				SWIFT_OPTIMIZATION_LEVEL = "-O";
				VALIDATE_PRODUCT = YES;
			};
			name = Release;
		};
		F8C758D6217121CD00E590AD /* Debug */ = {
			isa = XCBuildConfiguration;
			baseConfigurationReference = B122685070988A6D41BE5A94 /* Pods-PM_PRO_J.debug.xcconfig */;
			buildSettings = {
				ASSETCATALOG_COMPILER_APPICON_NAME = AppIcon;
				ASSETCATALOG_COMPILER_LAUNCHIMAGE_NAME = LaunchImage;
				CODE_SIGN_STYLE = Automatic;
				DEVELOPMENT_TEAM = MEH288UCB4;
				INFOPLIST_FILE = PM_PRO_J/Info.plist;
				LD_RUNPATH_SEARCH_PATHS = (
					"$(inherited)",
					"@executable_path/Frameworks",
				);
				PRODUCT_BUNDLE_IDENTIFIER = "CornellTech.PM-PRO-J";
				PRODUCT_NAME = "$(TARGET_NAME)";
				SWIFT_VERSION = 4.2;
				TARGETED_DEVICE_FAMILY = "1,2";
			};
			name = Debug;
		};
		F8C758D7217121CD00E590AD /* Release */ = {
			isa = XCBuildConfiguration;
			baseConfigurationReference = 938DD703FD55F4EA0C661FCA /* Pods-PM_PRO_J.release.xcconfig */;
			buildSettings = {
				ASSETCATALOG_COMPILER_APPICON_NAME = AppIcon;
				ASSETCATALOG_COMPILER_LAUNCHIMAGE_NAME = LaunchImage;
				CODE_SIGN_STYLE = Automatic;
				DEVELOPMENT_TEAM = MEH288UCB4;
				INFOPLIST_FILE = PM_PRO_J/Info.plist;
				LD_RUNPATH_SEARCH_PATHS = (
					"$(inherited)",
					"@executable_path/Frameworks",
				);
				PRODUCT_BUNDLE_IDENTIFIER = "CornellTech.PM-PRO-J";
				PRODUCT_NAME = "$(TARGET_NAME)";
				SWIFT_VERSION = 4.2;
				TARGETED_DEVICE_FAMILY = "1,2";
			};
			name = Release;
		};
		F8C758D9217121CD00E590AD /* Debug */ = {
			isa = XCBuildConfiguration;
			baseConfigurationReference = BCD53C29153406CC0D006F3F /* Pods-PM_PRO_JTests.debug.xcconfig */;
			buildSettings = {
				ALWAYS_EMBED_SWIFT_STANDARD_LIBRARIES = YES;
				BUNDLE_LOADER = "$(TEST_HOST)";
				CODE_SIGN_STYLE = Automatic;
				INFOPLIST_FILE = PM_PRO_JTests/Info.plist;
				LD_RUNPATH_SEARCH_PATHS = (
					"$(inherited)",
					"@executable_path/Frameworks",
					"@loader_path/Frameworks",
				);
				PRODUCT_BUNDLE_IDENTIFIER = "CornellTech.PM-PRO-JTests";
				PRODUCT_NAME = "$(TARGET_NAME)";
				SWIFT_VERSION = 4.2;
				TARGETED_DEVICE_FAMILY = "1,2";
				TEST_HOST = "$(BUILT_PRODUCTS_DIR)/PM_PRO_J.app/PM_PRO_J";
			};
			name = Debug;
		};
		F8C758DA217121CD00E590AD /* Release */ = {
			isa = XCBuildConfiguration;
			baseConfigurationReference = C4A9E6EFCD22367D4A3AF173 /* Pods-PM_PRO_JTests.release.xcconfig */;
			buildSettings = {
				ALWAYS_EMBED_SWIFT_STANDARD_LIBRARIES = YES;
				BUNDLE_LOADER = "$(TEST_HOST)";
				CODE_SIGN_STYLE = Automatic;
				INFOPLIST_FILE = PM_PRO_JTests/Info.plist;
				LD_RUNPATH_SEARCH_PATHS = (
					"$(inherited)",
					"@executable_path/Frameworks",
					"@loader_path/Frameworks",
				);
				PRODUCT_BUNDLE_IDENTIFIER = "CornellTech.PM-PRO-JTests";
				PRODUCT_NAME = "$(TARGET_NAME)";
				SWIFT_VERSION = 4.2;
				TARGETED_DEVICE_FAMILY = "1,2";
				TEST_HOST = "$(BUILT_PRODUCTS_DIR)/PM_PRO_J.app/PM_PRO_J";
			};
			name = Release;
		};
		F8C758DC217121CD00E590AD /* Debug */ = {
			isa = XCBuildConfiguration;
			baseConfigurationReference = 7931CC80DB919EB227C0321F /* Pods-PM_PRO_JUITests.debug.xcconfig */;
			buildSettings = {
				ALWAYS_EMBED_SWIFT_STANDARD_LIBRARIES = YES;
				CODE_SIGN_STYLE = Automatic;
				INFOPLIST_FILE = PM_PRO_JUITests/Info.plist;
				LD_RUNPATH_SEARCH_PATHS = (
					"$(inherited)",
					"@executable_path/Frameworks",
					"@loader_path/Frameworks",
				);
				PRODUCT_BUNDLE_IDENTIFIER = "CornellTech.PM-PRO-JUITests";
				PRODUCT_NAME = "$(TARGET_NAME)";
				SWIFT_VERSION = 4.2;
				TARGETED_DEVICE_FAMILY = "1,2";
				TEST_TARGET_NAME = PM_PRO_J;
			};
			name = Debug;
		};
		F8C758DD217121CD00E590AD /* Release */ = {
			isa = XCBuildConfiguration;
			baseConfigurationReference = B4ECAD28EA6C95D9A6B3481D /* Pods-PM_PRO_JUITests.release.xcconfig */;
			buildSettings = {
				ALWAYS_EMBED_SWIFT_STANDARD_LIBRARIES = YES;
				CODE_SIGN_STYLE = Automatic;
				INFOPLIST_FILE = PM_PRO_JUITests/Info.plist;
				LD_RUNPATH_SEARCH_PATHS = (
					"$(inherited)",
					"@executable_path/Frameworks",
					"@loader_path/Frameworks",
				);
				PRODUCT_BUNDLE_IDENTIFIER = "CornellTech.PM-PRO-JUITests";
				PRODUCT_NAME = "$(TARGET_NAME)";
				SWIFT_VERSION = 4.2;
				TARGETED_DEVICE_FAMILY = "1,2";
				TEST_TARGET_NAME = PM_PRO_J;
			};
			name = Release;
		};
/* End XCBuildConfiguration section */

/* Begin XCConfigurationList section */
		F8C758A8217121CC00E590AD /* Build configuration list for PBXProject "PM_PRO_J" */ = {
			isa = XCConfigurationList;
			buildConfigurations = (
				F8C758D3217121CD00E590AD /* Debug */,
				F8C758D4217121CD00E590AD /* Release */,
			);
			defaultConfigurationIsVisible = 0;
			defaultConfigurationName = Release;
		};
		F8C758D5217121CD00E590AD /* Build configuration list for PBXNativeTarget "PM_PRO_J" */ = {
			isa = XCConfigurationList;
			buildConfigurations = (
				F8C758D6217121CD00E590AD /* Debug */,
				F8C758D7217121CD00E590AD /* Release */,
			);
			defaultConfigurationIsVisible = 0;
			defaultConfigurationName = Release;
		};
		F8C758D8217121CD00E590AD /* Build configuration list for PBXNativeTarget "PM_PRO_JTests" */ = {
			isa = XCConfigurationList;
			buildConfigurations = (
				F8C758D9217121CD00E590AD /* Debug */,
				F8C758DA217121CD00E590AD /* Release */,
			);
			defaultConfigurationIsVisible = 0;
			defaultConfigurationName = Release;
		};
		F8C758DB217121CD00E590AD /* Build configuration list for PBXNativeTarget "PM_PRO_JUITests" */ = {
			isa = XCConfigurationList;
			buildConfigurations = (
				F8C758DC217121CD00E590AD /* Debug */,
				F8C758DD217121CD00E590AD /* Release */,
			);
			defaultConfigurationIsVisible = 0;
			defaultConfigurationName = Release;
		};
/* End XCConfigurationList section */
	};
	rootObject = F8C758A5217121CC00E590AD /* Project object */;
}
